
Microsoft Visual Studio Solution File, Format Version 12.00
# Visual Studio Version 17
VisualStudioVersion = 17.2.32519.379
MinimumVisualStudioVersion = 10.0.40219.1
Project("{FAE04EC0-301F-11D3-BF4B-00C04F79EFBC}") = "DTCMCC_WebApp_Sam", "DTCMCC_WebApp_Sam\DTCMCC_WebApp_Sam.csproj", "{4930C0BA-E660-4D16-892B-9AFE75BB7C9F}"
EndProject
Global
	GlobalSection(SolutionConfigurationPlatforms) = preSolution
		Debug|Any CPU = Debug|Any CPU
		Release|Any CPU = Release|Any CPU
	EndGlobalSection
	GlobalSection(ProjectConfigurationPlatforms) = postSolution
		{4930C0BA-E660-4D16-892B-9AFE75BB7C9F}.Debug|Any CPU.ActiveCfg = Debug|Any CPU
		{4930C0BA-E660-4D16-892B-9AFE75BB7C9F}.Debug|Any CPU.Build.0 = Debug|Any CPU
		{4930C0BA-E660-4D16-892B-9AFE75BB7C9F}.Release|Any CPU.ActiveCfg = Release|Any CPU
		{4930C0BA-E660-4D16-892B-9AFE75BB7C9F}.Release|Any CPU.Build.0 = Release|Any CPU
	EndGlobalSection
	GlobalSection(SolutionProperties) = preSolution
		HideSolutionNode = FALSE
	EndGlobalSection
	GlobalSection(ExtensibilityGlobals) = postSolution
		SolutionGuid = {436B8DD4-30AF-481D-B56F-CB7F658819E5}
	EndGlobalSection
EndGlobal
